
Microsoft Visual Studio Solution File, Format Version 12.00
# Visual Studio 15
VisualStudioVersion = 15.0.28307.271
MinimumVisualStudioVersion = 10.0.40219.1
Project("{8BC9CEB8-8B4A-11D0-8D11-00A0C91BC942}") = "Practice", "Practice\Practice.vcxproj", "{F0513A7C-375A-4A3A-9D70-C3C6775FB7CB}"
EndProject
Global
	GlobalSection(SolutionConfigurationPlatforms) = preSolution
		Debug|x64 = Debug|x64
		Debug|x86 = Debug|x86
		Release|x64 = Release|x64
		Release|x86 = Release|x86
	EndGlobalSection
	GlobalSection(ProjectConfigurationPlatforms) = postSolution
		{F0513A7C-375A-4A3A-9D70-C3C6775FB7CB}.Debug|x64.ActiveCfg = Debug|x64
		{F0513A7C-375A-4A3A-9D70-C3C6775FB7CB}.Debug|x64.Build.0 = Debug|x64
		{F0513A7C-375A-4A3A-9D70-C3C6775FB7CB}.Debug|x86.ActiveCfg = Debug|x64
		{F0513A7C-375A-4A3A-9D70-C3C6775FB7CB}.Debug|x86.Build.0 = Debug|x64
		{F0513A7C-375A-4A3A-9D70-C3C6775FB7CB}.Release|x64.ActiveCfg = Release|x64
		{F0513A7C-375A-4A3A-9D70-C3C6775FB7CB}.Release|x64.Build.0 = Release|x64
		{F0513A7C-375A-4A3A-9D70-C3C6775FB7CB}.Release|x86.ActiveCfg = Release|Win32
		{F0513A7C-375A-4A3A-9D70-C3C6775FB7CB}.Release|x86.Build.0 = Release|Win32
	EndGlobalSection
	GlobalSection(SolutionProperties) = preSolution
		HideSolutionNode = FALSE
	EndGlobalSection
	GlobalSection(ExtensibilityGlobals) = postSolution
		SolutionGuid = {FB0C63CE-37F4-4952-83D0-8BB172A733B1}
	EndGlobalSection
EndGlobal
